
Microsoft Visual Studio Solution File, Format Version 12.00
# Visual Studio 2012
Project("{FAE04EC0-301F-11D3-BF4B-00C04F79EFBC}") = "TrySecondInter", "TrySecondInter\TrySecondInter.csproj", "{B018E7C2-6E58-4834-AF8B-C495DBDA9E2E}"
EndProject
Global
	GlobalSection(SolutionConfigurationPlatforms) = preSolution
		Debug|Any CPU = Debug|Any CPU
		Release|Any CPU = Release|Any CPU
	EndGlobalSection
	GlobalSection(ProjectConfigurationPlatforms) = postSolution
		{B018E7C2-6E58-4834-AF8B-C495DBDA9E2E}.Debug|Any CPU.ActiveCfg = Debug|Any CPU
		{B018E7C2-6E58-4834-AF8B-C495DBDA9E2E}.Debug|Any CPU.Build.0 = Debug|Any CPU
		{B018E7C2-6E58-4834-AF8B-C495DBDA9E2E}.Release|Any CPU.ActiveCfg = Release|Any CPU
		{B018E7C2-6E58-4834-AF8B-C495DBDA9E2E}.Release|Any CPU.Build.0 = Release|Any CPU
	EndGlobalSection
	GlobalSection(SolutionProperties) = preSolution
		HideSolutionNode = FALSE
	EndGlobalSection
EndGlobal
